{
  "name": "orchestra",
  "lockfileVersion": 3,
  "requires": true,
  "packages": {
    "": {
      "dependencies": {
        "@opencode-ai/sdk": "^1.1.44"
      }
    },
    "node_modules/@opencode-ai/sdk": {
      "version": "1.1.44",
      "resolved": "https://registry.npmjs.org/@opencode-ai/sdk/-/sdk-1.1.44.tgz",
      "integrity": "sha512-coQgtSSCbY46/GY+M5zG0rChiLSJWSjPERRt5L1hbjvDWvErelVV0ILPbd1+3CwJLFTedBYgotby2TcO8U0IfQ==",
      "license": "MIT"
    }
  }
}
